
Microsoft Visual Studio Solution File, Format Version 12.00
# Visual Studio Version 16
VisualStudioVersion = 16.0.29318.209
MinimumVisualStudioVersion = 10.0.40219.1
Project("{FAE04EC0-301F-11D3-BF4B-00C04F79EFBC}") = "Sweepstakes", "Sweepstakes\Sweepstakes.csproj", "{FFF37526-D865-4EE3-9656-D6B338053D51}"
EndProject
Global
	GlobalSection(SolutionConfigurationPlatforms) = preSolution
		Debug|Any CPU = Debug|Any CPU
		Release|Any CPU = Release|Any CPU
	EndGlobalSection
	GlobalSection(ProjectConfigurationPlatforms) = postSolution
		{FFF37526-D865-4EE3-9656-D6B338053D51}.Debug|Any CPU.ActiveCfg = Debug|Any CPU
		{FFF37526-D865-4EE3-9656-D6B338053D51}.Debug|Any CPU.Build.0 = Debug|Any CPU
		{FFF37526-D865-4EE3-9656-D6B338053D51}.Release|Any CPU.ActiveCfg = Release|Any CPU
		{FFF37526-D865-4EE3-9656-D6B338053D51}.Release|Any CPU.Build.0 = Release|Any CPU
	EndGlobalSection
	GlobalSection(SolutionProperties) = preSolution
		HideSolutionNode = FALSE
	EndGlobalSection
	GlobalSection(ExtensibilityGlobals) = postSolution
		SolutionGuid = {EFE1163F-278B-4D62-9384-E1AC463065BE}
	EndGlobalSection
EndGlobal
